
Microsoft Visual Studio Solution File, Format Version 12.00
# Visual Studio Version 17
VisualStudioVersion = 17.1.32319.34
MinimumVisualStudioVersion = 10.0.40219.1
Project("{2150E333-8FDC-42A3-9474-1A3956D46DE8}") = "src", "src", "{2FD68CD4-2C61-48E0-A691-367BBD6241D7}"
EndProject
Project("{9A19103F-16F7-4668-BE54-9A1E7A4F7556}") = "MediatorHandler.API", "src\MediatorHandler.API\MediatorHandler.API.csproj", "{5B3DE19E-DCB3-4CD5-B7A4-705BB8B46CCF}"
EndProject
Project("{9A19103F-16F7-4668-BE54-9A1E7A4F7556}") = "MediatorHandler.Common", "src\MediatorHandler.Common\MediatorHandler.Common.csproj", "{B7F0EF8F-EFC1-467C-8D3E-2FFEDD16D656}"
EndProject
Global
	GlobalSection(SolutionConfigurationPlatforms) = preSolution
		Debug|Any CPU = Debug|Any CPU
		Release|Any CPU = Release|Any CPU
	EndGlobalSection
	GlobalSection(ProjectConfigurationPlatforms) = postSolution
		{5B3DE19E-DCB3-4CD5-B7A4-705BB8B46CCF}.Debug|Any CPU.ActiveCfg = Debug|Any CPU
		{5B3DE19E-DCB3-4CD5-B7A4-705BB8B46CCF}.Debug|Any CPU.Build.0 = Debug|Any CPU
		{5B3DE19E-DCB3-4CD5-B7A4-705BB8B46CCF}.Release|Any CPU.ActiveCfg = Release|Any CPU
		{5B3DE19E-DCB3-4CD5-B7A4-705BB8B46CCF}.Release|Any CPU.Build.0 = Release|Any CPU
		{B7F0EF8F-EFC1-467C-8D3E-2FFEDD16D656}.Debug|Any CPU.ActiveCfg = Debug|Any CPU
		{B7F0EF8F-EFC1-467C-8D3E-2FFEDD16D656}.Debug|Any CPU.Build.0 = Debug|Any CPU
		{B7F0EF8F-EFC1-467C-8D3E-2FFEDD16D656}.Release|Any CPU.ActiveCfg = Release|Any CPU
		{B7F0EF8F-EFC1-467C-8D3E-2FFEDD16D656}.Release|Any CPU.Build.0 = Release|Any CPU
	EndGlobalSection
	GlobalSection(SolutionProperties) = preSolution
		HideSolutionNode = FALSE
	EndGlobalSection
	GlobalSection(NestedProjects) = preSolution
		{5B3DE19E-DCB3-4CD5-B7A4-705BB8B46CCF} = {2FD68CD4-2C61-48E0-A691-367BBD6241D7}
		{B7F0EF8F-EFC1-467C-8D3E-2FFEDD16D656} = {2FD68CD4-2C61-48E0-A691-367BBD6241D7}
	EndGlobalSection
	GlobalSection(ExtensibilityGlobals) = postSolution
		SolutionGuid = {B118106C-4392-4C7A-8BE0-5F5C68BCEC6C}
	EndGlobalSection
EndGlobal
